
Microsoft Visual Studio Solution File, Format Version 12.00
# Visual Studio Version 16
VisualStudioVersion = 16.0.30413.136
MinimumVisualStudioVersion = 10.0.40219.1
Project("{FAE04EC0-301F-11D3-BF4B-00C04F79EFBC}") = "COM_Mapper", "COM_Mapper.csproj", "{1E1678D2-644F-4614-936D-8879A23161BA}"
EndProject
Global
	GlobalSection(SolutionConfigurationPlatforms) = preSolution
		Debug|Any CPU = Debug|Any CPU
		Release|Any CPU = Release|Any CPU
	EndGlobalSection
	GlobalSection(ProjectConfigurationPlatforms) = postSolution
		{1E1678D2-644F-4614-936D-8879A23161BA}.Debug|Any CPU.ActiveCfg = Debug|Any CPU
		{1E1678D2-644F-4614-936D-8879A23161BA}.Debug|Any CPU.Build.0 = Debug|Any CPU
		{1E1678D2-644F-4614-936D-8879A23161BA}.Release|Any CPU.ActiveCfg = Release|Any CPU
		{1E1678D2-644F-4614-936D-8879A23161BA}.Release|Any CPU.Build.0 = Release|Any CPU
	EndGlobalSection
	GlobalSection(SolutionProperties) = preSolution
		HideSolutionNode = FALSE
	EndGlobalSection
	GlobalSection(ExtensibilityGlobals) = postSolution
		SolutionGuid = {7167BE53-1A95-49AA-ACB0-BC40B07EF47A}
	EndGlobalSection
EndGlobal
